// !$*UTF8*$!
{
	archiveVersion = 1;
	classes = {
	};
	objectVersion = 77;
	objects = {

/* Begin PBXBuildFile section */
		A346B29A2E2151A900431E23 /* AddPinView.swift in Sources */ = {isa = PBXBuildFile; fileRef = A346B2992E2151A900431E23 /* AddPinView.swift */; };
		A363DAF72E6E3A06005B3CF6 /* CompareSplitMap.swift in Sources */ = {isa = PBXBuildFile; fileRef = A363DAF62E6E3A06005B3CF6 /* CompareSplitMap.swift */; };
		A3AFBF242E1358B200D2A51F /* Start.swift in Sources */ = {isa = PBXBuildFile; fileRef = A3AFBF212E1358B200D2A51F /* Start.swift */; };
		A3AFBF252E1358B200D2A51F /* tripluxApp.swift in Sources */ = {isa = PBXBuildFile; fileRef = A3AFBF222E1358B200D2A51F /* tripluxApp.swift */; };
		A3AFBF262E1358B200D2A51F /* Assets.xcassets in Resources */ = {isa = PBXBuildFile; fileRef = A3AFBF202E1358B200D2A51F /* Assets.xcassets */; };
		A3AFBF282E13599F00D2A51F /* WelcomeView.swift in Sources */ = {isa = PBXBuildFile; fileRef = A3AFBF272E13599F00D2A51F /* WelcomeView.swift */; };
		A3AFBF2A2E13ECEB00D2A51F /* AdventureMap.swift in Sources */ = {isa = PBXBuildFile; fileRef = A3AFBF292E13ECEB00D2A51F /* AdventureMap.swift */; };
		A3AFBF2C2E13EDF600D2A51F /* Utils.swift in Sources */ = {isa = PBXBuildFile; fileRef = A3AFBF2B2E13EDF200D2A51F /* Utils.swift */; };
		A3AFBF2E2E13EE7D00D2A51F /* PinModel.swift in Sources */ = {isa = PBXBuildFile; fileRef = A3AFBF2D2E13EE7200D2A51F /* PinModel.swift */; };
		A3D42B1A2E17CEC60074DF51 /* PinView.swift in Sources */ = {isa = PBXBuildFile; fileRef = A3D42B192E17CEC60074DF51 /* PinView.swift */; };
/* End PBXBuildFile section */

/* Begin PBXFileReference section */
		A346B2992E2151A900431E23 /* AddPinView.swift */ = {isa = PBXFileReference; lastKnownFileType = sourcecode.swift; path = AddPinView.swift; sourceTree = "<group>"; };
		A363DAF62E6E3A06005B3CF6 /* CompareSplitMap.swift */ = {isa = PBXFileReference; lastKnownFileType = sourcecode.swift; path = CompareSplitMap.swift; sourceTree = "<group>"; };
		A3AFBF122E13575F00D2A51F /* triplux.app */ = {isa = PBXFileReference; explicitFileType = wrapper.application; includeInIndex = 0; path = triplux.app; sourceTree = BUILT_PRODUCTS_DIR; };
		A3AFBF202E1358B200D2A51F /* Assets.xcassets */ = {isa = PBXFileReference; lastKnownFileType = folder.assetcatalog; path = Assets.xcassets; sourceTree = "<group>"; };
		A3AFBF212E1358B200D2A51F /* Start.swift */ = {isa = PBXFileReference; lastKnownFileType = sourcecode.swift; path = Start.swift; sourceTree = "<group>"; };
		A3AFBF222E1358B200D2A51F /* tripluxApp.swift */ = {isa = PBXFileReference; lastKnownFileType = sourcecode.swift; path = tripluxApp.swift; sourceTree = "<group>"; };
		A3AFBF272E13599F00D2A51F /* WelcomeView.swift */ = {isa = PBXFileReference; lastKnownFileType = sourcecode.swift; path = WelcomeView.swift; sourceTree = "<group>"; };
		A3AFBF292E13ECEB00D2A51F /* AdventureMap.swift */ = {isa = PBXFileReference; lastKnownFileType = sourcecode.swift; path = AdventureMap.swift; sourceTree = "<group>"; };
		A3AFBF2B2E13EDF200D2A51F /* Utils.swift */ = {isa = PBXFileReference; lastKnownFileType = sourcecode.swift; path = Utils.swift; sourceTree = "<group>"; };
		A3AFBF2D2E13EE7200D2A51F /* PinModel.swift */ = {isa = PBXFileReference; lastKnownFileType = sourcecode.swift; path = PinModel.swift; sourceTree = "<group>"; };
		A3D42B192E17CEC60074DF51 /* PinView.swift */ = {isa = PBXFileReference; lastKnownFileType = sourcecode.swift; path = PinView.swift; sourceTree = "<group>"; };
/* End PBXFileReference section */

/* Begin PBXFrameworksBuildPhase section */
		A3AFBF0F2E13575F00D2A51F /* Frameworks */ = {
			isa = PBXFrameworksBuildPhase;
			buildActionMask = 2147483647;
			files = (
			);
			runOnlyForDeploymentPostprocessing = 0;
		};
/* End PBXFrameworksBuildPhase section */

/* Begin PBXGroup section */
		A3AFBF092E13575F00D2A51F = {
			isa = PBXGroup;
			children = (
				A3AFBF232E1358B200D2A51F /* triplux */,
				A3AFBF132E13575F00D2A51F /* Products */,
			);
			sourceTree = "<group>";
		};
		A3AFBF132E13575F00D2A51F /* Products */ = {
			isa = PBXGroup;
			children = (
				A3AFBF122E13575F00D2A51F /* triplux.app */,
			);
			name = Products;
			sourceTree = "<group>";
		};
		A3AFBF232E1358B200D2A51F /* triplux */ = {
			isa = PBXGroup;
			children = (
				A3AFBF222E1358B200D2A51F /* tripluxApp.swift */,
				A3AFBF2B2E13EDF200D2A51F /* Utils.swift */,
				A3AFBF2D2E13EE7200D2A51F /* PinModel.swift */,
				A3AFBF202E1358B200D2A51F /* Assets.xcassets */,
				A3AFBF212E1358B200D2A51F /* Start.swift */,
				A3AFBF272E13599F00D2A51F /* WelcomeView.swift */,
				A3AFBF292E13ECEB00D2A51F /* AdventureMap.swift */,
				A3D42B192E17CEC60074DF51 /* PinView.swift */,
				A346B2992E2151A900431E23 /* AddPinView.swift */,
				A363DAF62E6E3A06005B3CF6 /* CompareSplitMap.swift */,
			);
			path = triplux;
			sourceTree = "<group>";
		};
/* End PBXGroup section */

/* Begin PBXNativeTarget section */
		A3AFBF112E13575F00D2A51F /* triplux */ = {
			isa = PBXNativeTarget;
			buildConfigurationList = A3AFBF1D2E13576000D2A51F /* Build configuration list for PBXNativeTarget "triplux" */;
			buildPhases = (
				A3AFBF0E2E13575F00D2A51F /* Sources */,
				A3AFBF0F2E13575F00D2A51F /* Frameworks */,
				A3AFBF102E13575F00D2A51F /* Resources */,
			);
			buildRules = (
			);
			dependencies = (
			);
			name = triplux;
			packageProductDependencies = (
			);
			productName = triplux;
			productReference = A3AFBF122E13575F00D2A51F /* triplux.app */;
			productType = "com.apple.product-type.application";
		};
/* End PBXNativeTarget section */

/* Begin PBXProject section */
		A3AFBF0A2E13575F00D2A51F /* Project object */ = {
			isa = PBXProject;
			attributes = {
				BuildIndependentTargetsInParallel = 1;
				LastSwiftUpdateCheck = 1640;
				LastUpgradeCheck = 1640;
				TargetAttributes = {
					A3AFBF112E13575F00D2A51F = {
						CreatedOnToolsVersion = 16.4;
					};
				};
			};
			buildConfigurationList = A3AFBF0D2E13575F00D2A51F /* Build configuration list for PBXProject "triplux" */;
			developmentRegion = de;
			hasScannedForEncodings = 0;
			knownRegions = (
				Base,
				de,
			);
			mainGroup = A3AFBF092E13575F00D2A51F;
			minimizedProjectReferenceProxies = 1;
			preferredProjectObjectVersion = 77;
			productRefGroup = A3AFBF132E13575F00D2A51F /* Products */;
			projectDirPath = "";
			projectRoot = "";
			targets = (
				A3AFBF112E13575F00D2A51F /* triplux */,
			);
		};
/* End PBXProject section */

/* Begin PBXResourcesBuildPhase section */
		A3AFBF102E13575F00D2A51F /* Resources */ = {
			isa = PBXResourcesBuildPhase;
			buildActionMask = 2147483647;
			files = (
				A3AFBF262E1358B200D2A51F /* Assets.xcassets in Resources */,
			);
			runOnlyForDeploymentPostprocessing = 0;
		};
/* End PBXResourcesBuildPhase section */

/* Begin PBXSourcesBuildPhase section */
		A3AFBF0E2E13575F00D2A51F /* Sources */ = {
			isa = PBXSourcesBuildPhase;
			buildActionMask = 2147483647;
			files = (
				A363DAF72E6E3A06005B3CF6 /* CompareSplitMap.swift in Sources */,
				A3AFBF2C2E13EDF600D2A51F /* Utils.swift in Sources */,
				A3AFBF2E2E13EE7D00D2A51F /* PinModel.swift in Sources */,
				A3AFBF242E1358B200D2A51F /* Start.swift in Sources */,
				A3AFBF2A2E13ECEB00D2A51F /* AdventureMap.swift in Sources */,
				A3AFBF282E13599F00D2A51F /* WelcomeView.swift in Sources */,
				A3D42B1A2E17CEC60074DF51 /* PinView.swift in Sources */,
				A346B29A2E2151A900431E23 /* AddPinView.swift in Sources */,
				A3AFBF252E1358B200D2A51F /* tripluxApp.swift in Sources */,
			);
			runOnlyForDeploymentPostprocessing = 0;
		};
/* End PBXSourcesBuildPhase section */

/* Begin XCBuildConfiguration section */
		A3AFBF1B2E13576000D2A51F /* Debug */ = {
			isa = XCBuildConfiguration;
			buildSettings = {
				ALWAYS_SEARCH_USER_PATHS = NO;
				ASSETCATALOG_COMPILER_GENERATE_SWIFT_ASSET_SYMBOL_EXTENSIONS = YES;
				CLANG_ANALYZER_NONNULL = YES;
				CLANG_ANALYZER_NUMBER_OBJECT_CONVERSION = YES_AGGRESSIVE;
				CLANG_CXX_LANGUAGE_STANDARD = "gnu++20";
				CLANG_ENABLE_MODULES = YES;
				CLANG_ENABLE_OBJC_ARC = YES;
				CLANG_ENABLE_OBJC_WEAK = YES;
				CLANG_WARN_BLOCK_CAPTURE_AUTORELEASING = YES;
				CLANG_WARN_BOOL_CONVERSION = YES;
				CLANG_WARN_COMMA = YES;
				CLANG_WARN_CONSTANT_CONVERSION = YES;
				CLANG_WARN_DEPRECATED_OBJC_IMPLEMENTATIONS = YES;
				CLANG_WARN_DIRECT_OBJC_ISA_USAGE = YES_ERROR;
				CLANG_WARN_DOCUMENTATION_COMMENTS = YES;
				CLANG_WARN_EMPTY_BODY = YES;
				CLANG_WARN_ENUM_CONVERSION = YES;
				CLANG_WARN_INFINITE_RECURSION = YES;
				CLANG_WARN_INT_CONVERSION = YES;
				CLANG_WARN_NON_LITERAL_NULL_CONVERSION = YES;
				CLANG_WARN_OBJC_IMPLICIT_RETAIN_SELF = YES;
				CLANG_WARN_OBJC_LITERAL_CONVERSION = YES;
				CLANG_WARN_OBJC_ROOT_CLASS = YES_ERROR;
				CLANG_WARN_QUOTED_INCLUDE_IN_FRAMEWORK_HEADER = YES;
				CLANG_WARN_RANGE_LOOP_ANALYSIS = YES;
				CLANG_WARN_STRICT_PROTOTYPES = YES;
				CLANG_WARN_SUSPICIOUS_MOVE = YES;
				CLANG_WARN_UNGUARDED_AVAILABILITY = YES_AGGRESSIVE;
				CLANG_WARN_UNREACHABLE_CODE = YES;
				CLANG_WARN__DUPLICATE_METHOD_MATCH = YES;
				COPY_PHASE_STRIP = NO;
				DEBUG_INFORMATION_FORMAT = dwarf;
				DEVELOPMENT_TEAM = Q844GSHHYR;
				ENABLE_STRICT_OBJC_MSGSEND = YES;
				ENABLE_TESTABILITY = YES;
				ENABLE_USER_SCRIPT_SANDBOXING = YES;
				GCC_C_LANGUAGE_STANDARD = gnu17;
				GCC_DYNAMIC_NO_PIC = NO;
				GCC_NO_COMMON_BLOCKS = YES;
				GCC_OPTIMIZATION_LEVEL = 0;
				GCC_PREPROCESSOR_DEFINITIONS = (
					"DEBUG=1",
					"$(inherited)",
				);
				GCC_WARN_64_TO_32_BIT_CONVERSION = YES;
				GCC_WARN_ABOUT_RETURN_TYPE = YES_ERROR;
				GCC_WARN_UNDECLARED_SELECTOR = YES;
				GCC_WARN_UNINITIALIZED_AUTOS = YES_AGGRESSIVE;
				GCC_WARN_UNUSED_FUNCTION = YES;
				GCC_WARN_UNUSED_VARIABLE = YES;
				IPHONEOS_DEPLOYMENT_TARGET = 18.5;
				LOCALIZATION_PREFERS_STRING_CATALOGS = YES;
				MTL_ENABLE_DEBUG_INFO = INCLUDE_SOURCE;
				MTL_FAST_MATH = YES;
				ONLY_ACTIVE_ARCH = YES;
				SDKROOT = iphoneos;
				SWIFT_ACTIVE_COMPILATION_CONDITIONS = "DEBUG $(inherited)";
				SWIFT_OPTIMIZATION_LEVEL = "-Onone";
			};
			name = Debug;
		};
		A3AFBF1C2E13576000D2A51F /* Release */ = {
			isa = XCBuildConfiguration;
			buildSettings = {
				ALWAYS_SEARCH_USER_PATHS = NO;
				ASSETCATALOG_COMPILER_GENERATE_SWIFT_ASSET_SYMBOL_EXTENSIONS = YES;
				CLANG_ANALYZER_NONNULL = YES;
				CLANG_ANALYZER_NUMBER_OBJECT_CONVERSION = YES_AGGRESSIVE;
				CLANG_CXX_LANGUAGE_STANDARD = "gnu++20";
				CLANG_ENABLE_MODULES = YES;
				CLANG_ENABLE_OBJC_ARC = YES;
				CLANG_ENABLE_OBJC_WEAK = YES;
				CLANG_WARN_BLOCK_CAPTURE_AUTORELEASING = YES;
				CLANG_WARN_BOOL_CONVERSION = YES;
				CLANG_WARN_COMMA = YES;
				CLANG_WARN_CONSTANT_CONVERSION = YES;
				CLANG_WARN_DEPRECATED_OBJC_IMPLEMENTATIONS = YES;
				CLANG_WARN_DIRECT_OBJC_ISA_USAGE = YES_ERROR;
				CLANG_WARN_DOCUMENTATION_COMMENTS = YES;
				CLANG_WARN_EMPTY_BODY = YES;
				CLANG_WARN_ENUM_CONVERSION = YES;
				CLANG_WARN_INFINITE_RECURSION = YES;
				CLANG_WARN_INT_CONVERSION = YES;
				CLANG_WARN_NON_LITERAL_NULL_CONVERSION = YES;
				CLANG_WARN_OBJC_IMPLICIT_RETAIN_SELF = YES;
				CLANG_WARN_OBJC_LITERAL_CONVERSION = YES;
				CLANG_WARN_OBJC_ROOT_CLASS = YES_ERROR;
				CLANG_WARN_QUOTED_INCLUDE_IN_FRAMEWORK_HEADER = YES;
				CLANG_WARN_RANGE_LOOP_ANALYSIS = YES;
				CLANG_WARN_STRICT_PROTOTYPES = YES;
				CLANG_WARN_SUSPICIOUS_MOVE = YES;
				CLANG_WARN_UNGUARDED_AVAILABILITY = YES_AGGRESSIVE;
				CLANG_WARN_UNREACHABLE_CODE = YES;
				CLANG_WARN__DUPLICATE_METHOD_MATCH = YES;
				COPY_PHASE_STRIP = NO;
				DEBUG_INFORMATION_FORMAT = "dwarf-with-dsym";
				DEVELOPMENT_TEAM = Q844GSHHYR;
				ENABLE_NS_ASSERTIONS = NO;
				ENABLE_STRICT_OBJC_MSGSEND = YES;
				ENABLE_USER_SCRIPT_SANDBOXING = YES;
				GCC_C_LANGUAGE_STANDARD = gnu17;
				GCC_NO_COMMON_BLOCKS = YES;
				GCC_WARN_64_TO_32_BIT_CONVERSION = YES;
				GCC_WARN_ABOUT_RETURN_TYPE = YES_ERROR;
				GCC_WARN_UNDECLARED_SELECTOR = YES;
				GCC_WARN_UNINITIALIZED_AUTOS = YES_AGGRESSIVE;
				GCC_WARN_UNUSED_FUNCTION = YES;
				GCC_WARN_UNUSED_VARIABLE = YES;
				IPHONEOS_DEPLOYMENT_TARGET = 18.5;
				LOCALIZATION_PREFERS_STRING_CATALOGS = YES;
				MTL_ENABLE_DEBUG_INFO = NO;
				MTL_FAST_MATH = YES;
				SDKROOT = iphoneos;
				SWIFT_COMPILATION_MODE = wholemodule;
				VALIDATE_PRODUCT = YES;
			};
			name = Release;
		};
		A3AFBF1E2E13576000D2A51F /* Debug */ = {
			isa = XCBuildConfiguration;
			buildSettings = {
				ASSETCATALOG_COMPILER_APPICON_NAME = AppIcon;
				ASSETCATALOG_COMPILER_GLOBAL_ACCENT_COLOR_NAME = AccentColor;
				CODE_SIGN_STYLE = Automatic;
				CURRENT_PROJECT_VERSION = 1;
				DEVELOPMENT_TEAM = Q844GSHHYR;
				ENABLE_PREVIEWS = YES;
				GENERATE_INFOPLIST_FILE = YES;
				INFOPLIST_KEY_LSApplicationCategoryType = "public.app-category.travel";
				INFOPLIST_KEY_UIApplicationSceneManifest_Generation = YES;
				INFOPLIST_KEY_UIApplicationSupportsIndirectInputEvents = YES;
				INFOPLIST_KEY_UILaunchScreen_Generation = YES;
				INFOPLIST_KEY_UISupportedInterfaceOrientations_iPad = "UIInterfaceOrientationPortrait UIInterfaceOrientationPortraitUpsideDown UIInterfaceOrientationLandscapeLeft UIInterfaceOrientationLandscapeRight";
				INFOPLIST_KEY_UISupportedInterfaceOrientations_iPhone = "UIInterfaceOrientationPortrait UIInterfaceOrientationLandscapeLeft UIInterfaceOrientationLandscapeRight";
				LD_RUNPATH_SEARCH_PATHS = (
					"$(inherited)",
					"@executable_path/Frameworks",
				);
				MARKETING_VERSION = 1.0;
				PRODUCT_BUNDLE_IDENTIFIER = de.dario.triplux;
				PRODUCT_NAME = "$(TARGET_NAME)";
				SWIFT_EMIT_LOC_STRINGS = YES;
				SWIFT_VERSION = 5.0;
				TARGETED_DEVICE_FAMILY = "1,2";
			};
			name = Debug;
		};
		A3AFBF1F2E13576000D2A51F /* Release */ = {
			isa = XCBuildConfiguration;
			buildSettings = {
				ASSETCATALOG_COMPILER_APPICON_NAME = AppIcon;
				ASSETCATALOG_COMPILER_GLOBAL_ACCENT_COLOR_NAME = AccentColor;
				CODE_SIGN_STYLE = Automatic;
				CURRENT_PROJECT_VERSION = 1;
				DEVELOPMENT_TEAM = Q844GSHHYR;
				ENABLE_PREVIEWS = YES;
				GENERATE_INFOPLIST_FILE = YES;
				INFOPLIST_KEY_LSApplicationCategoryType = "public.app-category.travel";
				INFOPLIST_KEY_UIApplicationSceneManifest_Generation = YES;
				INFOPLIST_KEY_UIApplicationSupportsIndirectInputEvents = YES;
				INFOPLIST_KEY_UILaunchScreen_Generation = YES;
				INFOPLIST_KEY_UISupportedInterfaceOrientations_iPad = "UIInterfaceOrientationPortrait UIInterfaceOrientationPortraitUpsideDown UIInterfaceOrientationLandscapeLeft UIInterfaceOrientationLandscapeRight";
				INFOPLIST_KEY_UISupportedInterfaceOrientations_iPhone = "UIInterfaceOrientationPortrait UIInterfaceOrientationLandscapeLeft UIInterfaceOrientationLandscapeRight";
				LD_RUNPATH_SEARCH_PATHS = (
					"$(inherited)",
					"@executable_path/Frameworks",
				);
				MARKETING_VERSION = 1.0;
				PRODUCT_BUNDLE_IDENTIFIER = de.dario.triplux;
				PRODUCT_NAME = "$(TARGET_NAME)";
				SWIFT_EMIT_LOC_STRINGS = YES;
				SWIFT_VERSION = 5.0;
				TARGETED_DEVICE_FAMILY = "1,2";
			};
			name = Release;
		};
/* End XCBuildConfiguration section */

/* Begin XCConfigurationList section */
		A3AFBF0D2E13575F00D2A51F /* Build configuration list for PBXProject "triplux" */ = {
			isa = XCConfigurationList;
			buildConfigurations = (
				A3AFBF1B2E13576000D2A51F /* Debug */,
				A3AFBF1C2E13576000D2A51F /* Release */,
			);
			defaultConfigurationIsVisible = 0;
			defaultConfigurationName = Release;
		};
		A3AFBF1D2E13576000D2A51F /* Build configuration list for PBXNativeTarget "triplux" */ = {
			isa = XCConfigurationList;
			buildConfigurations = (
				A3AFBF1E2E13576000D2A51F /* Debug */,
				A3AFBF1F2E13576000D2A51F /* Release */,
			);
			defaultConfigurationIsVisible = 0;
			defaultConfigurationName = Release;
		};
/* End XCConfigurationList section */
	};
	rootObject = A3AFBF0A2E13575F00D2A51F /* Project object */;
}
